
Microsoft Visual Studio Solution File, Format Version 12.00
# Visual Studio Version 16
VisualStudioVersion = 16.0.29319.158
MinimumVisualStudioVersion = 10.0.40219.1
Project("{FAE04EC0-301F-11D3-BF4B-00C04F79EFBC}") = "Project Gonzalez", "Project Gonzalez\Project Gonzalez.csproj", "{65EE7556-B0D1-4AEC-9A67-0E9E50660187}"
EndProject
Global
	GlobalSection(SolutionConfigurationPlatforms) = preSolution
		Debug|Any CPU = Debug|Any CPU
		Release|Any CPU = Release|Any CPU
	EndGlobalSection
	GlobalSection(ProjectConfigurationPlatforms) = postSolution
		{65EE7556-B0D1-4AEC-9A67-0E9E50660187}.Debug|Any CPU.ActiveCfg = Debug|Any CPU
		{65EE7556-B0D1-4AEC-9A67-0E9E50660187}.Debug|Any CPU.Build.0 = Debug|Any CPU
		{65EE7556-B0D1-4AEC-9A67-0E9E50660187}.Release|Any CPU.ActiveCfg = Release|Any CPU
		{65EE7556-B0D1-4AEC-9A67-0E9E50660187}.Release|Any CPU.Build.0 = Release|Any CPU
	EndGlobalSection
	GlobalSection(SolutionProperties) = preSolution
		HideSolutionNode = FALSE
	EndGlobalSection
	GlobalSection(ExtensibilityGlobals) = postSolution
		SolutionGuid = {90CDF017-A8BB-402C-9114-066AF5F59F85}
	EndGlobalSection
EndGlobal
